<?xml version="1.0" encoding="utf-8"?>
<Project ToolsVersion="17.0" xmlns="http://schemas.microsoft.com/developer/msbuild/2003">
  <ItemGroup>
    <ClCompile Include="D:\Coding\Computer Graphic\期末大作业\Codes\Camera.cpp">
      <Filter>Source Files</Filter>
    </ClCompile>
    <ClCompile Include="D:\Coding\Computer Graphic\期末大作业\Codes\GLBMesh.cpp">
      <Filter>Source Files</Filter>
    </ClCompile>
    <ClCompile Include="D:\Coding\Computer Graphic\期末大作业\Codes\InitShader.cpp">
      <Filter>Source Files</Filter>
    </ClCompile>
    <ClCompile Include="D:\Coding\Computer Graphic\期末大作业\Codes\MeshPainter.cpp">
      <Filter>Source Files</Filter>
    </ClCompile>
    <ClCompile Include="D:\Coding\Computer Graphic\期末大作业\Codes\TriMesh.cpp">
      <Filter>Source Files</Filter>
    </ClCompile>
    <ClCompile Include="D:\Coding\Computer Graphic\期末大作业\Codes\glad.c">
      <Filter>Source Files</Filter>
    </ClCompile>
    <ClCompile Include="D:\Coding\Computer Graphic\期末大作业\Codes\main.cpp">
      <Filter>Source Files</Filter>
    </ClCompile>
  </ItemGroup>
  <ItemGroup>
    <CustomBuild Include="D:\Coding\Computer Graphic\期末大作业\Codes\CMakeLists.txt" />
  </ItemGroup>
  <ItemGroup>
    <Filter Include="Source Files">
      <UniqueIdentifier>{DA300C99-3B21-3446-93F4-62219D190A05}</UniqueIdentifier>
    </Filter>
    <Filter Include="Source Files\include">
      <UniqueIdentifier>{7c71efe9-7c0f-4f0d-a206-f070599822b8}</UniqueIdentifier>
    </Filter>
    <Filter Include="Source Files\shaders">
      <UniqueIdentifier>{10b255b8-78ac-4b7c-89b9-a61c8a335a98}</UniqueIdentifier>
    </Filter>
  </ItemGroup>
  <ItemGroup>
    <ClInclude Include="include\GLBMesh.h">
      <Filter>Source Files\include</Filter>
    </ClInclude>
    <ClInclude Include="include\MeshPainter.h">
      <Filter>Source Files\include</Filter>
    </ClInclude>
    <ClInclude Include="include\TriMesh.h">
      <Filter>Source Files\include</Filter>
    </ClInclude>
    <ClInclude Include="include\Angel.h">
      <Filter>Source Files\include</Filter>
    </ClInclude>
    <ClInclude Include="include\Camera.h">
      <Filter>Source Files\include</Filter>
    </ClInclude>
    <ClInclude Include="include\CheckError.h">
      <Filter>Source Files\include</Filter>
    </ClInclude>
  </ItemGroup>
  <ItemGroup>
    <None Include="shaders\fshader.glsl">
      <Filter>Source Files\shaders</Filter>
    </None>
    <None Include="shaders\skyboxfrag.glsl">
      <Filter>Source Files\shaders</Filter>
    </None>
    <None Include="shaders\skyboxvert.glsl">
      <Filter>Source Files\shaders</Filter>
    </None>
    <None Include="shaders\vshader.glsl">
      <Filter>Source Files\shaders</Filter>
    </None>
  </ItemGroup>
</Project>