<?xml version="1.0" encoding="utf-8"?>
<Project ToolsVersion="17.0" xmlns="http://schemas.microsoft.com/developer/msbuild/2003">
  <ItemGroup>
    <ClCompile Include="D:\Coding\Computer Graphic\期末大作业\Codes\Camera.cpp">
      <Filter>Source Files</Filter>
    </ClCompile>
    <ClCompile Include="D:\Coding\Computer Graphic\期末大作业\Codes\InitShader.cpp">
      <Filter>Source Files</Filter>
    </ClCompile>
    <ClCompile Include="D:\Coding\Computer Graphic\期末大作业\Codes\TriMesh.cpp">
      <Filter>Source Files</Filter>
    </ClCompile>
    <ClCompile Include="D:\Coding\Computer Graphic\期末大作业\Codes\glad.c">
      <Filter>Source Files</Filter>
    </ClCompile>
    <ClCompile Include="D:\Coding\Computer Graphic\期末大作业\Codes\main.cpp">
      <Filter>Source Files</Filter>
    </ClCompile>
    <ClCompile Include="GLBMesh.cpp">
      <Filter>Source Files</Filter>
    </ClCompile>
    <ClCompile Include="include\shortcuts.cpp">
      <Filter>Source Files</Filter>
    </ClCompile>
    <ClCompile Include="MeshPainter.cpp">
      <Filter>Source Files</Filter>
    </ClCompile>
  </ItemGroup>
  <ItemGroup>
    <CustomBuild Include="D:\Coding\Computer Graphic\期末大作业\Codes\CMakeLists.txt" />
  </ItemGroup>
  <ItemGroup>
    <Filter Include="Source Files">
      <UniqueIdentifier>{DA300C99-3B21-3446-93F4-62219D190A05}</UniqueIdentifier>
    </Filter>
    <Filter Include="assets">
      <UniqueIdentifier>{3284d954-e0e0-4f93-a715-a42169fe8b57}</UniqueIdentifier>
    </Filter>
    <Filter Include="shaders">
      <UniqueIdentifier>{1938822e-203d-4583-bb4e-05ff414ee296}</UniqueIdentifier>
    </Filter>
  </ItemGroup>
  <ItemGroup>
    <None Include="assets\canon.off">
      <Filter>assets</Filter>
    </None>
    <None Include="assets\cube.off">
      <Filter>assets</Filter>
    </None>
    <None Include="assets\furina.off">
      <Filter>assets</Filter>
    </None>
    <None Include="assets\su7.off">
      <Filter>assets</Filter>
    </None>
    <None Include="shaders\fshader.glsl">
      <Filter>shaders</Filter>
    </None>
    <None Include="shaders\vshader.glsl">
      <Filter>shaders</Filter>
    </None>
    <None Include="hdrshader.glsl">
      <Filter>shaders</Filter>
    </None>
  </ItemGroup>
  <ItemGroup>
    <ClInclude Include="include\GLBMesh.h">
      <Filter>Source Files</Filter>
    </ClInclude>
    <ClInclude Include="include\shortcuts.h">
      <Filter>Source Files</Filter>
    </ClInclude>
    <ClInclude Include="include\keyboard.h">
      <Filter>Source Files</Filter>
    </ClInclude>
    <ClInclude Include="MeshPainter.h">
      <Filter>Source Files</Filter>
    </ClInclude>
  </ItemGroup>
</Project>